
Microsoft Visual Studio Solution File, Format Version 12.00
# Visual Studio Version 16
VisualStudioVersion = 16.0.29102.190
MinimumVisualStudioVersion = 10.0.40219.1
Project("{FAE04EC0-301F-11D3-BF4B-00C04F79EFBC}") = "ConspiracaoFilms.Dominio", "ConspiracaoFilms.Dominio\ConspiracaoFilms.Dominio.csproj", "{D060C2C8-E7A6-4A55-A2EF-A848B9E0F294}"
EndProject
Project("{FAE04EC0-301F-11D3-BF4B-00C04F79EFBC}") = "ConspiracaoFilms.Repositorio", "ConspiracaoFilms.Repositorio\ConspiracaoFilms.Repositorio.csproj", "{01E43D84-C29D-4D46-9552-86ACD050F051}"
EndProject
Project("{FAE04EC0-301F-11D3-BF4B-00C04F79EFBC}") = "ConspiracaoFilms.Web", "ConspiracaoFilms.Web\ConspiracaoFilms.Web.csproj", "{E4882C64-43B0-4647-AACC-4074BCE13958}"
EndProject
Global
	GlobalSection(SolutionConfigurationPlatforms) = preSolution
		Debug|Any CPU = Debug|Any CPU
		Release|Any CPU = Release|Any CPU
	EndGlobalSection
	GlobalSection(ProjectConfigurationPlatforms) = postSolution
		{D060C2C8-E7A6-4A55-A2EF-A848B9E0F294}.Debug|Any CPU.ActiveCfg = Debug|Any CPU
		{D060C2C8-E7A6-4A55-A2EF-A848B9E0F294}.Debug|Any CPU.Build.0 = Debug|Any CPU
		{D060C2C8-E7A6-4A55-A2EF-A848B9E0F294}.Release|Any CPU.ActiveCfg = Release|Any CPU
		{D060C2C8-E7A6-4A55-A2EF-A848B9E0F294}.Release|Any CPU.Build.0 = Release|Any CPU
		{01E43D84-C29D-4D46-9552-86ACD050F051}.Debug|Any CPU.ActiveCfg = Debug|Any CPU
		{01E43D84-C29D-4D46-9552-86ACD050F051}.Debug|Any CPU.Build.0 = Debug|Any CPU
		{01E43D84-C29D-4D46-9552-86ACD050F051}.Release|Any CPU.ActiveCfg = Release|Any CPU
		{01E43D84-C29D-4D46-9552-86ACD050F051}.Release|Any CPU.Build.0 = Release|Any CPU
		{E4882C64-43B0-4647-AACC-4074BCE13958}.Debug|Any CPU.ActiveCfg = Debug|Any CPU
		{E4882C64-43B0-4647-AACC-4074BCE13958}.Debug|Any CPU.Build.0 = Debug|Any CPU
		{E4882C64-43B0-4647-AACC-4074BCE13958}.Release|Any CPU.ActiveCfg = Release|Any CPU
		{E4882C64-43B0-4647-AACC-4074BCE13958}.Release|Any CPU.Build.0 = Release|Any CPU
	EndGlobalSection
	GlobalSection(SolutionProperties) = preSolution
		HideSolutionNode = FALSE
	EndGlobalSection
	GlobalSection(ExtensibilityGlobals) = postSolution
		SolutionGuid = {A0FCED8B-B5B8-43ED-9704-F4DDFBE205A0}
	EndGlobalSection
EndGlobal
